
Microsoft Visual Studio Solution File, Format Version 12.00
# Visual Studio Version 16
VisualStudioVersion = 16.0.30523.141
MinimumVisualStudioVersion = 10.0.40219.1
Project("{888888A0-9F3D-457C-B088-3A5042F75D52}") = "ReplacingChar_py", "ReplacingChar_py\ReplacingChar_py.pyproj", "{F1CD16EF-F246-4662-994F-E3733902F642}"
EndProject
Global
	GlobalSection(SolutionConfigurationPlatforms) = preSolution
		Debug|Any CPU = Debug|Any CPU
		Release|Any CPU = Release|Any CPU
	EndGlobalSection
	GlobalSection(ProjectConfigurationPlatforms) = postSolution
		{F1CD16EF-F246-4662-994F-E3733902F642}.Debug|Any CPU.ActiveCfg = Debug|Any CPU
		{F1CD16EF-F246-4662-994F-E3733902F642}.Release|Any CPU.ActiveCfg = Release|Any CPU
	EndGlobalSection
	GlobalSection(SolutionProperties) = preSolution
		HideSolutionNode = FALSE
	EndGlobalSection
	GlobalSection(ExtensibilityGlobals) = postSolution
		SolutionGuid = {C089EB73-9DA2-41F3-B137-589B7B058ADD}
	EndGlobalSection
EndGlobal
